
Microsoft Visual Studio Solution File, Format Version 12.00
Project("{FAE04EC0-301F-11D3-BF4B-00C04F79EFBC}") = "MergeSortedArray", "MergeSortedArray\MergeSortedArray.csproj", "{80DDE5B9-FE41-414C-A63B-3579D77C4FCE}"
EndProject
Global
	GlobalSection(SolutionConfigurationPlatforms) = preSolution
		Debug|Any CPU = Debug|Any CPU
		Release|Any CPU = Release|Any CPU
	EndGlobalSection
	GlobalSection(ProjectConfigurationPlatforms) = postSolution
		{80DDE5B9-FE41-414C-A63B-3579D77C4FCE}.Debug|Any CPU.ActiveCfg = Debug|Any CPU
		{80DDE5B9-FE41-414C-A63B-3579D77C4FCE}.Debug|Any CPU.Build.0 = Debug|Any CPU
		{80DDE5B9-FE41-414C-A63B-3579D77C4FCE}.Release|Any CPU.ActiveCfg = Release|Any CPU
		{80DDE5B9-FE41-414C-A63B-3579D77C4FCE}.Release|Any CPU.Build.0 = Release|Any CPU
	EndGlobalSection
EndGlobal
